
Microsoft Visual Studio Solution File, Format Version 12.00
# Visual Studio Version 17
VisualStudioVersion = 17.9.34723.18
MinimumVisualStudioVersion = 10.0.40219.1
Project("{FAE04EC0-301F-11D3-BF4B-00C04F79EFBC}") = "idempotency", "idempotency.csproj", "{C054D93A-A985-498D-86D2-DFD05CB21407}"
EndProject
Global
	GlobalSection(SolutionConfigurationPlatforms) = preSolution
		Debug|Any CPU = Debug|Any CPU
		Release|Any CPU = Release|Any CPU
	EndGlobalSection
	GlobalSection(ProjectConfigurationPlatforms) = postSolution
		{C054D93A-A985-498D-86D2-DFD05CB21407}.Debug|Any CPU.ActiveCfg = Debug|Any CPU
		{C054D93A-A985-498D-86D2-DFD05CB21407}.Debug|Any CPU.Build.0 = Debug|Any CPU
		{C054D93A-A985-498D-86D2-DFD05CB21407}.Release|Any CPU.ActiveCfg = Release|Any CPU
		{C054D93A-A985-498D-86D2-DFD05CB21407}.Release|Any CPU.Build.0 = Release|Any CPU
	EndGlobalSection
	GlobalSection(SolutionProperties) = preSolution
		HideSolutionNode = FALSE
	EndGlobalSection
	GlobalSection(ExtensibilityGlobals) = postSolution
		SolutionGuid = {A5920BB8-9688-4B83-89B4-363FD73CD513}
	EndGlobalSection
EndGlobal
